Microsoft Visual Studio Solution File, Format Version 11.00
# Visual Studio 2008

Project("{E3DBF7D8-BE8D-75F2-B696-5F51EA7202F6}") = "Implicit Association Test Unity", "Assembly-CSharp-firstpass.csproj", "{7CE1C7AF-F947-8762-37B0-44D6FECDF34E}"
EndProject
Project("{E3DBF7D8-BE8D-75F2-B696-5F51EA7202F6}") = "Implicit Association Test Unity", "Assembly-CSharp.csproj", "{2041D23F-1899-7890-9B66-0AB035181F21}"
EndProject
Global
	GlobalSection(SolutionConfigurationPlatforms) = preSolution
		Debug|Any CPU = Debug|Any CPU
		Release|Any CPU = Release|Any CPU
	EndGlobalSection
	GlobalSection(ProjectConfigurationPlatforms) = postSolution
		{7CE1C7AF-F947-8762-37B0-44D6FECDF34E}.Debug|Any CPU.ActiveCfg = Debug|Any CPU
		{7CE1C7AF-F947-8762-37B0-44D6FECDF34E}.Debug|Any CPU.Build.0 = Debug|Any CPU
		{7CE1C7AF-F947-8762-37B0-44D6FECDF34E}.Release|Any CPU.ActiveCfg = Release|Any CPU
		{7CE1C7AF-F947-8762-37B0-44D6FECDF34E}.Release|Any CPU.Build.0 = Release|Any CPU
		{2041D23F-1899-7890-9B66-0AB035181F21}.Debug|Any CPU.ActiveCfg = Debug|Any CPU
		{2041D23F-1899-7890-9B66-0AB035181F21}.Debug|Any CPU.Build.0 = Debug|Any CPU
		{2041D23F-1899-7890-9B66-0AB035181F21}.Release|Any CPU.ActiveCfg = Release|Any CPU
		{2041D23F-1899-7890-9B66-0AB035181F21}.Release|Any CPU.Build.0 = Release|Any CPU
	EndGlobalSection
	GlobalSection(SolutionProperties) = preSolution
		HideSolutionNode = FALSE
	EndGlobalSection
	GlobalSection(MonoDevelopProperties) = preSolution
		StartupItem = Assembly-CSharp.csproj
	EndGlobalSection
EndGlobal
